
Microsoft Visual Studio Solution File, Format Version 12.00
# Visual Studio 15
VisualStudioVersion = 15.0.27703.2042
MinimumVisualStudioVersion = 10.0.40219.1
Project("{FAE04EC0-301F-11D3-BF4B-00C04F79EFBC}") = "ValTech", "ValTech\ValTech.csproj", "{F12BE964-E436-472F-9CDC-EA9FA042EABE}"
EndProject
Project("{FAE04EC0-301F-11D3-BF4B-00C04F79EFBC}") = "ValTechAppTests", "ValTechAppTests\ValTechAppTests.csproj", "{7D760D98-A45C-4AD6-9A8A-84668B61CFED}"
EndProject
Global
	GlobalSection(SolutionConfigurationPlatforms) = preSolution
		Debug|Any CPU = Debug|Any CPU
		Release|Any CPU = Release|Any CPU
	EndGlobalSection
	GlobalSection(ProjectConfigurationPlatforms) = postSolution
		{F12BE964-E436-472F-9CDC-EA9FA042EABE}.Debug|Any CPU.ActiveCfg = Debug|Any CPU
		{F12BE964-E436-472F-9CDC-EA9FA042EABE}.Debug|Any CPU.Build.0 = Debug|Any CPU
		{F12BE964-E436-472F-9CDC-EA9FA042EABE}.Release|Any CPU.ActiveCfg = Release|Any CPU
		{F12BE964-E436-472F-9CDC-EA9FA042EABE}.Release|Any CPU.Build.0 = Release|Any CPU
		{7D760D98-A45C-4AD6-9A8A-84668B61CFED}.Debug|Any CPU.ActiveCfg = Debug|Any CPU
		{7D760D98-A45C-4AD6-9A8A-84668B61CFED}.Debug|Any CPU.Build.0 = Debug|Any CPU
		{7D760D98-A45C-4AD6-9A8A-84668B61CFED}.Release|Any CPU.ActiveCfg = Release|Any CPU
		{7D760D98-A45C-4AD6-9A8A-84668B61CFED}.Release|Any CPU.Build.0 = Release|Any CPU
	EndGlobalSection
	GlobalSection(SolutionProperties) = preSolution
		HideSolutionNode = FALSE
	EndGlobalSection
	GlobalSection(ExtensibilityGlobals) = postSolution
		SolutionGuid = {E81C8068-10D3-4BB9-A2AC-2F0B569EF55A}
	EndGlobalSection
EndGlobal
